
Microsoft Visual Studio Solution File, Format Version 12.00
# Visual Studio 14
VisualStudioVersion = 14.0.25420.1
MinimumVisualStudioVersion = 10.0.40219.1
Project("{8BC9CEB8-8B4A-11D0-8D11-00A0C91BC942}") = "ogg", "ogg.vcxproj", "{A09FBD07-606E-41CD-B055-88B68D6E8809}"
EndProject
Global
	GlobalSection(SolutionConfigurationPlatforms) = preSolution
		64|x64 = 64|x64
		64|x86 = 64|x86
		Debug|x64 = Debug|x64
		Debug|x86 = Debug|x86
		nsse|x64 = nsse|x64
		nsse|x86 = nsse|x86
		Release|x64 = Release|x64
		Release|x86 = Release|x86
		sse2|x64 = sse2|x64
		sse2|x86 = sse2|x86
		uni_avx|x64 = uni_avx|x64
		uni_avx|x86 = uni_avx|x86
		uni_de|x64 = uni_de|x64
		uni_de|x86 = uni_de|x86
		uni|x64 = uni|x64
		uni|x86 = uni|x86
	EndGlobalSection
	GlobalSection(ProjectConfigurationPlatforms) = postSolution
		{A09FBD07-606E-41CD-B055-88B68D6E8809}.64|x64.ActiveCfg = 64|x64
		{A09FBD07-606E-41CD-B055-88B68D6E8809}.64|x64.Build.0 = 64|x64
		{A09FBD07-606E-41CD-B055-88B68D6E8809}.64|x86.ActiveCfg = 64|Win32
		{A09FBD07-606E-41CD-B055-88B68D6E8809}.64|x86.Build.0 = 64|Win32
		{A09FBD07-606E-41CD-B055-88B68D6E8809}.Debug|x64.ActiveCfg = Debug|x64
		{A09FBD07-606E-41CD-B055-88B68D6E8809}.Debug|x64.Build.0 = Debug|x64
		{A09FBD07-606E-41CD-B055-88B68D6E8809}.Debug|x86.ActiveCfg = Debug|Win32
		{A09FBD07-606E-41CD-B055-88B68D6E8809}.Debug|x86.Build.0 = Debug|Win32
		{A09FBD07-606E-41CD-B055-88B68D6E8809}.nsse|x64.ActiveCfg = nsse|x64
		{A09FBD07-606E-41CD-B055-88B68D6E8809}.nsse|x64.Build.0 = nsse|x64
		{A09FBD07-606E-41CD-B055-88B68D6E8809}.nsse|x86.ActiveCfg = nsse|Win32
		{A09FBD07-606E-41CD-B055-88B68D6E8809}.nsse|x86.Build.0 = nsse|Win32
		{A09FBD07-606E-41CD-B055-88B68D6E8809}.Release|x64.ActiveCfg = Release|x64
		{A09FBD07-606E-41CD-B055-88B68D6E8809}.Release|x64.Build.0 = Release|x64
		{A09FBD07-606E-41CD-B055-88B68D6E8809}.Release|x86.ActiveCfg = Release|Win32
		{A09FBD07-606E-41CD-B055-88B68D6E8809}.Release|x86.Build.0 = Release|Win32
		{A09FBD07-606E-41CD-B055-88B68D6E8809}.sse2|x64.ActiveCfg = sse2|x64
		{A09FBD07-606E-41CD-B055-88B68D6E8809}.sse2|x64.Build.0 = sse2|x64
		{A09FBD07-606E-41CD-B055-88B68D6E8809}.sse2|x86.ActiveCfg = sse2|Win32
		{A09FBD07-606E-41CD-B055-88B68D6E8809}.sse2|x86.Build.0 = sse2|Win32
		{A09FBD07-606E-41CD-B055-88B68D6E8809}.uni_avx|x64.ActiveCfg = uni_avx|x64
		{A09FBD07-606E-41CD-B055-88B68D6E8809}.uni_avx|x64.Build.0 = uni_avx|x64
		{A09FBD07-606E-41CD-B055-88B68D6E8809}.uni_avx|x86.ActiveCfg = uni_avx|Win32
		{A09FBD07-606E-41CD-B055-88B68D6E8809}.uni_avx|x86.Build.0 = uni_avx|Win32
		{A09FBD07-606E-41CD-B055-88B68D6E8809}.uni_de|x64.ActiveCfg = uni_de|x64
		{A09FBD07-606E-41CD-B055-88B68D6E8809}.uni_de|x64.Build.0 = uni_de|x64
		{A09FBD07-606E-41CD-B055-88B68D6E8809}.uni_de|x86.ActiveCfg = uni_de|Win32
		{A09FBD07-606E-41CD-B055-88B68D6E8809}.uni_de|x86.Build.0 = uni_de|Win32
		{A09FBD07-606E-41CD-B055-88B68D6E8809}.uni|x64.ActiveCfg = uni|x64
		{A09FBD07-606E-41CD-B055-88B68D6E8809}.uni|x64.Build.0 = uni|x64
		{A09FBD07-606E-41CD-B055-88B68D6E8809}.uni|x86.ActiveCfg = uni|Win32
		{A09FBD07-606E-41CD-B055-88B68D6E8809}.uni|x86.Build.0 = uni|Win32
	EndGlobalSection
	GlobalSection(SolutionProperties) = preSolution
		HideSolutionNode = FALSE
	EndGlobalSection
EndGlobal
