<?xml version="1.0" encoding="utf-8"?>
<Project ToolsVersion="4.0" xmlns="http://schemas.microsoft.com/developer/msbuild/2003">
  <ItemGroup>
    <Filter Include="Source Files">
      <UniqueIdentifier>{197daa30-22bf-4932-97df-f7be21bb0e9f}</UniqueIdentifier>
      <Extensions>cpp;c;cxx;rc;def;r;odl;idl;hpj;bat</Extensions>
    </Filter>
    <Filter Include="Header Files">
      <UniqueIdentifier>{e7766610-7f69-4894-b0d8-10c4c5716d47}</UniqueIdentifier>
      <Extensions>h;hpp;hxx;hm;inl</Extensions>
    </Filter>
    <Filter Include="Resource Files">
      <UniqueIdentifier>{7bf7f29f-b7c4-49c5-a5cb-67191b1dee15}</UniqueIdentifier>
      <Extensions>ico;cur;bmp;dlg;rc2;rct;bin;rgs;gif;jpg;jpeg;jpe</Extensions>
    </Filter>
    <Filter Include="ライブラリ">
      <UniqueIdentifier>{40f49b2d-252c-4621-9acd-f90363dfca4c}</UniqueIdentifier>
    </Filter>
    <Filter Include="mp3infp">
      <UniqueIdentifier>{e525c4f3-c88b-4a4b-a334-9d0d5832dc75}</UniqueIdentifier>
    </Filter>
    <Filter Include="ライブラリ\codec">
      <UniqueIdentifier>{3f90a6d8-db27-4eae-866d-8196e19c3be9}</UniqueIdentifier>
    </Filter>
  </ItemGroup>
  <ItemGroup>
    <ClCompile Include="Arc.cpp">
      <Filter>Source Files</Filter>
    </ClCompile>
    <ClCompile Include="AudioSelect.cpp">
      <Filter>Source Files</Filter>
    </ClCompile>
    <ClCompile Include="Br4.cpp">
      <Filter>Source Files</Filter>
    </ClCompile>
    <ClCompile Include="Dino.cpp">
      <Filter>Source Files</Filter>
    </ClCompile>
    <ClCompile Include="Douga.cpp">
      <Filter>Source Files</Filter>
    </ClCompile>
    <ClCompile Include="ED3.cpp">
      <Filter>Source Files</Filter>
    </ClCompile>
    <ClCompile Include="ED4.cpp">
      <Filter>Source Files</Filter>
    </ClCompile>
    <ClCompile Include="ED5.cpp">
      <Filter>Source Files</Filter>
    </ClCompile>
    <ClCompile Include="ED63rd.cpp">
      <Filter>Source Files</Filter>
    </ClCompile>
    <ClCompile Include="Filename.cpp">
      <Filter>Source Files</Filter>
    </ClCompile>
    <ClCompile Include="Folder.cpp">
      <Filter>Source Files</Filter>
    </ClCompile>
    <ClCompile Include="Graph.cpp">
      <Filter>Source Files</Filter>
    </ClCompile>
    <ClCompile Include="Gurumin.cpp">
      <Filter>Source Files</Filter>
    </ClCompile>
    <ClCompile Include="itiran.cpp">
      <Filter>Source Files</Filter>
    </ClCompile>
    <ClCompile Include="itiran_FC.cpp">
      <Filter>Source Files</Filter>
    </ClCompile>
    <ClCompile Include="itiran_YS6.cpp">
      <Filter>Source Files</Filter>
    </ClCompile>
    <ClCompile Include="itiran_YSF.cpp">
      <Filter>Source Files</Filter>
    </ClCompile>
    <ClCompile Include="itiran_YSO.cpp">
      <Filter>Source Files</Filter>
    </ClCompile>
    <ClCompile Include="Kpilist.cpp">
      <Filter>Source Files</Filter>
    </ClCompile>
    <ClCompile Include="ListSyosai.cpp">
      <Filter>Source Files</Filter>
    </ClCompile>
    <ClCompile Include="Mp3Image.cpp">
      <Filter>Source Files</Filter>
    </ClCompile>
    <ClCompile Include="Nishi.cpp">
      <Filter>Source Files</Filter>
    </ClCompile>
    <ClCompile Include="ogg.cpp">
      <Filter>Source Files</Filter>
    </ClCompile>
    <ClCompile Include="oggDlg.cpp">
      <Filter>Source Files</Filter>
    </ClCompile>
    <ClCompile Include="oggDlg_ds.cpp">
      <Filter>Source Files</Filter>
    </ClCompile>
    <ClCompile Include="PlayList.cpp">
      <Filter>Source Files</Filter>
    </ClCompile>
    <ClCompile Include="PVI.cpp">
      <Filter>Source Files</Filter>
    </ClCompile>
    <ClCompile Include="Render.cpp">
      <Filter>Source Files</Filter>
    </ClCompile>
    <ClCompile Include="ringbuf.cpp">
      <Filter>Source Files</Filter>
    </ClCompile>
    <ClCompile Include="San1.cpp">
      <Filter>Source Files</Filter>
    </ClCompile>
    <ClCompile Include="San2.cpp">
      <Filter>Source Files</Filter>
    </ClCompile>
    <ClCompile Include="Sor.cpp">
      <Filter>Source Files</Filter>
    </ClCompile>
    <ClCompile Include="StdAfx.cpp">
      <Filter>Source Files</Filter>
    </ClCompile>
    <ClCompile Include="TUKI.cpp">
      <Filter>Source Files</Filter>
    </ClCompile>
    <ClCompile Include="XA.cpp">
      <Filter>Source Files</Filter>
    </ClCompile>
    <ClCompile Include="yaneCriticalSection.cpp">
      <Filter>Source Files</Filter>
    </ClCompile>
    <ClCompile Include="Ys12_1.cpp">
      <Filter>Source Files</Filter>
    </ClCompile>
    <ClCompile Include="Ys12_2.cpp">
      <Filter>Source Files</Filter>
    </ClCompile>
    <ClCompile Include="YsC1.cpp">
      <Filter>Source Files</Filter>
    </ClCompile>
    <ClCompile Include="YsC2.cpp">
      <Filter>Source Files</Filter>
    </ClCompile>
    <ClCompile Include="Zwei.cpp">
      <Filter>Source Files</Filter>
    </ClCompile>
    <ClCompile Include="ZWEIII.cpp">
      <Filter>Source Files</Filter>
    </ClCompile>
    <ClCompile Include="BtnST.cpp">
      <Filter>ライブラリ</Filter>
    </ClCompile>
    <ClCompile Include="fftsg.c">
      <Filter>ライブラリ</Filter>
    </ClCompile>
    <ClCompile Include="GlobalCommand.cpp">
      <Filter>ライブラリ</Filter>
    </ClCompile>
    <ClCompile Include="Id3tagv1.cpp">
      <Filter>ライブラリ</Filter>
    </ClCompile>
    <ClCompile Include="Id3tagv2.cpp">
      <Filter>ライブラリ</Filter>
    </ClCompile>
    <ClCompile Include="LinkStatic.cpp">
      <Filter>ライブラリ</Filter>
    </ClCompile>
    <ClCompile Include="ListCtrlA.cpp">
      <Filter>ライブラリ</Filter>
    </ClCompile>
    <ClCompile Include="mp3info.cpp">
      <Filter>ライブラリ</Filter>
    </ClCompile>
    <ClCompile Include="OSVersion.cpp">
      <Filter>Source Files</Filter>
    </ClCompile>
    <ClCompile Include="codec\ag_dec.c">
      <Filter>ライブラリ\codec</Filter>
    </ClCompile>
    <ClCompile Include="codec\ALACBitUtilities.c">
      <Filter>ライブラリ\codec</Filter>
    </ClCompile>
    <ClCompile Include="codec\ALACDecoder.cpp">
      <Filter>ライブラリ\codec</Filter>
    </ClCompile>
    <ClCompile Include="codec\dp_dec.c">
      <Filter>ライブラリ\codec</Filter>
    </ClCompile>
    <ClCompile Include="codec\EndianPortable.c">
      <Filter>ライブラリ\codec</Filter>
    </ClCompile>
    <ClCompile Include="codec\matrix_dec.c">
      <Filter>ライブラリ\codec</Filter>
    </ClCompile>
    <ClCompile Include="codec\mp4atom.c">
      <Filter>ライブラリ\codec</Filter>
    </ClCompile>
    <ClCompile Include="codec\mp4meta.c">
      <Filter>ライブラリ\codec</Filter>
    </ClCompile>
    <ClCompile Include="codec\mp4sample.c">
      <Filter>ライブラリ\codec</Filter>
    </ClCompile>
    <ClCompile Include="codec\mp4tagupdate.c">
      <Filter>ライブラリ\codec</Filter>
    </ClCompile>
    <ClCompile Include="codec\mp4util.c">
      <Filter>ライブラリ\codec</Filter>
    </ClCompile>
    <ClCompile Include="ZeroFol.cpp">
      <Filter>Source Files</Filter>
    </ClCompile>
    <ClCompile Include="codec\ag_enc.c">
      <Filter>Source Files</Filter>
    </ClCompile>
    <ClCompile Include="codec\ALACEncoder.cpp">
      <Filter>Source Files</Filter>
    </ClCompile>
    <ClCompile Include="codec\bits.c">
      <Filter>Source Files</Filter>
    </ClCompile>
    <ClCompile Include="codec\CAFFileALAC.cpp">
      <Filter>Source Files</Filter>
    </ClCompile>
    <ClCompile Include="codec\cfft.c">
      <Filter>Source Files</Filter>
    </ClCompile>
    <ClCompile Include="codec\common.c">
      <Filter>Source Files</Filter>
    </ClCompile>
    <ClCompile Include="codec\decoder.c">
      <Filter>Source Files</Filter>
    </ClCompile>
    <ClCompile Include="codec\dp_enc.c">
      <Filter>Source Files</Filter>
    </ClCompile>
    <ClCompile Include="codec\drc.c">
      <Filter>Source Files</Filter>
    </ClCompile>
    <ClCompile Include="codec\drm_dec.c">
      <Filter>Source Files</Filter>
    </ClCompile>
    <ClCompile Include="codec\error.c">
      <Filter>Source Files</Filter>
    </ClCompile>
    <ClCompile Include="codec\filtbank.c">
      <Filter>Source Files</Filter>
    </ClCompile>
    <ClCompile Include="codec\hcr.c">
      <Filter>Source Files</Filter>
    </ClCompile>
    <ClCompile Include="codec\huffman.c">
      <Filter>Source Files</Filter>
    </ClCompile>
    <ClCompile Include="codec\ic_predict.c">
      <Filter>Source Files</Filter>
    </ClCompile>
    <ClCompile Include="codec\is.c">
      <Filter>Source Files</Filter>
    </ClCompile>
    <ClCompile Include="codec\libtta.cpp">
      <Filter>Source Files</Filter>
    </ClCompile>
    <ClCompile Include="codec\lt_predict.c">
      <Filter>Source Files</Filter>
    </ClCompile>
    <ClCompile Include="codec\main.cpp">
      <Filter>Source Files</Filter>
    </ClCompile>
    <ClCompile Include="codec\matrix_enc.c">
      <Filter>Source Files</Filter>
    </ClCompile>
    <ClCompile Include="codec\mdct.c">
      <Filter>Source Files</Filter>
    </ClCompile>
    <ClCompile Include="codec\mp4.c">
      <Filter>Source Files</Filter>
    </ClCompile>
    <ClCompile Include="codec\mp4ff.c">
      <Filter>Source Files</Filter>
    </ClCompile>
    <ClCompile Include="codec\ms.c">
      <Filter>Source Files</Filter>
    </ClCompile>
    <ClCompile Include="codec\output.c">
      <Filter>Source Files</Filter>
    </ClCompile>
    <ClCompile Include="codec\pns.c">
      <Filter>Source Files</Filter>
    </ClCompile>
    <ClCompile Include="codec\ps_dec.c">
      <Filter>Source Files</Filter>
    </ClCompile>
    <ClCompile Include="codec\ps_syntax.c">
      <Filter>Source Files</Filter>
    </ClCompile>
    <ClCompile Include="codec\pulse.c">
      <Filter>Source Files</Filter>
    </ClCompile>
    <ClCompile Include="codec\rvlc.c">
      <Filter>Source Files</Filter>
    </ClCompile>
    <ClCompile Include="codec\sbr_dct.c">
      <Filter>Source Files</Filter>
    </ClCompile>
    <ClCompile Include="codec\sbr_dec.c">
      <Filter>Source Files</Filter>
    </ClCompile>
    <ClCompile Include="codec\sbr_e_nf.c">
      <Filter>Source Files</Filter>
    </ClCompile>
    <ClCompile Include="codec\sbr_fbt.c">
      <Filter>Source Files</Filter>
    </ClCompile>
    <ClCompile Include="codec\sbr_hfadj.c">
      <Filter>Source Files</Filter>
    </ClCompile>
    <ClCompile Include="codec\sbr_hfgen.c">
      <Filter>Source Files</Filter>
    </ClCompile>
    <ClCompile Include="codec\sbr_huff.c">
      <Filter>Source Files</Filter>
    </ClCompile>
    <ClCompile Include="codec\sbr_qmf.c">
      <Filter>Source Files</Filter>
    </ClCompile>
    <ClCompile Include="codec\sbr_syntax.c">
      <Filter>Source Files</Filter>
    </ClCompile>
    <ClCompile Include="codec\sbr_tf_grid.c">
      <Filter>Source Files</Filter>
    </ClCompile>
    <ClCompile Include="codec\specrec.c">
      <Filter>Source Files</Filter>
    </ClCompile>
    <ClCompile Include="codec\ssr.c">
      <Filter>Source Files</Filter>
    </ClCompile>
    <ClCompile Include="codec\ssr_fb.c">
      <Filter>Source Files</Filter>
    </ClCompile>
    <ClCompile Include="codec\ssr_ipqf.c">
      <Filter>Source Files</Filter>
    </ClCompile>
    <ClCompile Include="codec\syntax.c">
      <Filter>Source Files</Filter>
    </ClCompile>
    <ClCompile Include="codec\tns.c">
      <Filter>Source Files</Filter>
    </ClCompile>
  </ItemGroup>
  <ItemGroup>
    <ResourceCompile Include="ogg.rc">
      <Filter>Source Files</Filter>
    </ResourceCompile>
  </ItemGroup>
  <ItemGroup>
    <ClInclude Include="Arc.h">
      <Filter>Header Files</Filter>
    </ClInclude>
    <ClInclude Include="AudioSelect.h">
      <Filter>Header Files</Filter>
    </ClInclude>
    <ClInclude Include="Br4.h">
      <Filter>Header Files</Filter>
    </ClInclude>
    <ClInclude Include="Dino.h">
      <Filter>Header Files</Filter>
    </ClInclude>
    <ClInclude Include="Douga.h">
      <Filter>Header Files</Filter>
    </ClInclude>
    <ClInclude Include="ED3.h">
      <Filter>Header Files</Filter>
    </ClInclude>
    <ClInclude Include="ED4.h">
      <Filter>Header Files</Filter>
    </ClInclude>
    <ClInclude Include="ED5.h">
      <Filter>Header Files</Filter>
    </ClInclude>
    <ClInclude Include="ED63rd.h">
      <Filter>Header Files</Filter>
    </ClInclude>
    <ClInclude Include="Filename.h">
      <Filter>Header Files</Filter>
    </ClInclude>
    <ClInclude Include="Folder.h">
      <Filter>Header Files</Filter>
    </ClInclude>
    <ClInclude Include="Graph.h">
      <Filter>Header Files</Filter>
    </ClInclude>
    <ClInclude Include="Gurumin.h">
      <Filter>Header Files</Filter>
    </ClInclude>
    <ClInclude Include="itiran.h">
      <Filter>Header Files</Filter>
    </ClInclude>
    <ClInclude Include="itiran_FC.h">
      <Filter>Header Files</Filter>
    </ClInclude>
    <ClInclude Include="itiran_YS6.h">
      <Filter>Header Files</Filter>
    </ClInclude>
    <ClInclude Include="itiran_YSF.h">
      <Filter>Header Files</Filter>
    </ClInclude>
    <ClInclude Include="itiran_YSO.h">
      <Filter>Header Files</Filter>
    </ClInclude>
    <ClInclude Include="Kpilist.h">
      <Filter>Header Files</Filter>
    </ClInclude>
    <ClInclude Include="ListSyosai.h">
      <Filter>Header Files</Filter>
    </ClInclude>
    <ClInclude Include="Mp3Image.h">
      <Filter>Header Files</Filter>
    </ClInclude>
    <ClInclude Include="Nishi.h">
      <Filter>Header Files</Filter>
    </ClInclude>
    <ClInclude Include="ogg.h">
      <Filter>Header Files</Filter>
    </ClInclude>
    <ClInclude Include="oggDlg.h">
      <Filter>Header Files</Filter>
    </ClInclude>
    <ClInclude Include="PlayList.h">
      <Filter>Header Files</Filter>
    </ClInclude>
    <ClInclude Include="PVI.h">
      <Filter>Header Files</Filter>
    </ClInclude>
    <ClInclude Include="Render.h">
      <Filter>Header Files</Filter>
    </ClInclude>
    <ClInclude Include="resource.h">
      <Filter>Header Files</Filter>
    </ClInclude>
    <ClInclude Include="ringbuf.h">
      <Filter>Header Files</Filter>
    </ClInclude>
    <ClInclude Include="San1.h">
      <Filter>Header Files</Filter>
    </ClInclude>
    <ClInclude Include="San2.h">
      <Filter>Header Files</Filter>
    </ClInclude>
    <ClInclude Include="Sor.h">
      <Filter>Header Files</Filter>
    </ClInclude>
    <ClInclude Include="StdAfx.h">
      <Filter>Header Files</Filter>
    </ClInclude>
    <ClInclude Include="TUKI.h">
      <Filter>Header Files</Filter>
    </ClInclude>
    <ClInclude Include="XA.h">
      <Filter>Header Files</Filter>
    </ClInclude>
    <ClInclude Include="yaneCriticalSection.h">
      <Filter>Header Files</Filter>
    </ClInclude>
    <ClInclude Include="Ys12_1.h">
      <Filter>Header Files</Filter>
    </ClInclude>
    <ClInclude Include="Ys12_2.h">
      <Filter>Header Files</Filter>
    </ClInclude>
    <ClInclude Include="YsC1.h">
      <Filter>Header Files</Filter>
    </ClInclude>
    <ClInclude Include="YsC2.h">
      <Filter>Header Files</Filter>
    </ClInclude>
    <ClInclude Include="Zwei.h">
      <Filter>Header Files</Filter>
    </ClInclude>
    <ClInclude Include="ZWEIII.h">
      <Filter>Header Files</Filter>
    </ClInclude>
    <ClInclude Include="BtnST.h">
      <Filter>ライブラリ</Filter>
    </ClInclude>
    <ClInclude Include="GlobalCommand.h">
      <Filter>ライブラリ</Filter>
    </ClInclude>
    <ClInclude Include="Id3tagv1.h">
      <Filter>ライブラリ</Filter>
    </ClInclude>
    <ClInclude Include="Id3tagv2.h">
      <Filter>ライブラリ</Filter>
    </ClInclude>
    <ClInclude Include="kmp_pi.h">
      <Filter>ライブラリ</Filter>
    </ClInclude>
    <ClInclude Include="LinkStatic.h">
      <Filter>ライブラリ</Filter>
    </ClInclude>
    <ClInclude Include="ListCtrlA.h">
      <Filter>ライブラリ</Filter>
    </ClInclude>
    <ClInclude Include="mp3.h">
      <Filter>ライブラリ</Filter>
    </ClInclude>
    <ClInclude Include="mp3info.h">
      <Filter>ライブラリ</Filter>
    </ClInclude>
    <ClInclude Include="utils.h">
      <Filter>ライブラリ</Filter>
    </ClInclude>
    <ClInclude Include="VbrTag.h">
      <Filter>ライブラリ</Filter>
    </ClInclude>
    <ClInclude Include="OSVersion.h">
      <Filter>Header Files</Filter>
    </ClInclude>
    <ClInclude Include="m4a.h">
      <Filter>ライブラリ</Filter>
    </ClInclude>
    <ClInclude Include="flac.h">
      <Filter>ライブラリ</Filter>
    </ClInclude>
    <ClInclude Include="CInt24.h">
      <Filter>ライブラリ</Filter>
    </ClInclude>
    <ClInclude Include="codec\aglib.h">
      <Filter>ライブラリ\codec</Filter>
    </ClInclude>
    <ClInclude Include="codec\ALACAudioTypes.h">
      <Filter>ライブラリ\codec</Filter>
    </ClInclude>
    <ClInclude Include="codec\ALACBitUtilities.h">
      <Filter>ライブラリ\codec</Filter>
    </ClInclude>
    <ClInclude Include="codec\ALACDecoder.h">
      <Filter>ライブラリ\codec</Filter>
    </ClInclude>
    <ClInclude Include="codec\config.h">
      <Filter>ライブラリ\codec</Filter>
    </ClInclude>
    <ClInclude Include="codec\deadbeef.h">
      <Filter>ライブラリ\codec</Filter>
    </ClInclude>
    <ClInclude Include="codec\dplib.h">
      <Filter>ライブラリ\codec</Filter>
    </ClInclude>
    <ClInclude Include="codec\EndianPortable.h">
      <Filter>ライブラリ\codec</Filter>
    </ClInclude>
    <ClInclude Include="codec\filter.h">
      <Filter>ライブラリ\codec</Filter>
    </ClInclude>
    <ClInclude Include="codec\matrixlib.h">
      <Filter>ライブラリ\codec</Filter>
    </ClInclude>
    <ClInclude Include="codec\mp4ff.h">
      <Filter>ライブラリ\codec</Filter>
    </ClInclude>
    <ClInclude Include="codec\mp4ff_int_types.h">
      <Filter>ライブラリ\codec</Filter>
    </ClInclude>
    <ClInclude Include="codec\mp4ffint.h">
      <Filter>ライブラリ\codec</Filter>
    </ClInclude>
    <ClInclude Include="codec\neaacdec.h">
      <Filter>ライブラリ\codec</Filter>
    </ClInclude>
    <ClInclude Include="ZeroFol.h">
      <Filter>Header Files</Filter>
    </ClInclude>
    <ClInclude Include="ALACAudioTypes.h">
      <Filter>Header Files</Filter>
    </ClInclude>
    <ClInclude Include="CAFFileALAC.h">
      <Filter>Header Files</Filter>
    </ClInclude>
    <ClInclude Include="codec\ALACEncoder.h">
      <Filter>Header Files</Filter>
    </ClInclude>
    <ClInclude Include="codec\analysis.h">
      <Filter>Header Files</Filter>
    </ClInclude>
    <ClInclude Include="codec\bits.h">
      <Filter>Header Files</Filter>
    </ClInclude>
    <ClInclude Include="codec\cfft.h">
      <Filter>Header Files</Filter>
    </ClInclude>
    <ClInclude Include="codec\cfft_tab.h">
      <Filter>Header Files</Filter>
    </ClInclude>
    <ClInclude Include="codec\common.h">
      <Filter>Header Files</Filter>
    </ClInclude>
    <ClInclude Include="codec\drc.h">
      <Filter>Header Files</Filter>
    </ClInclude>
    <ClInclude Include="codec\drm_dec.h">
      <Filter>Header Files</Filter>
    </ClInclude>
    <ClInclude Include="codec\error.h">
      <Filter>Header Files</Filter>
    </ClInclude>
    <ClInclude Include="codec\faad.h">
      <Filter>Header Files</Filter>
    </ClInclude>
    <ClInclude Include="codec\filtbank.h">
      <Filter>Header Files</Filter>
    </ClInclude>
    <ClInclude Include="codec\fixed.h">
      <Filter>Header Files</Filter>
    </ClInclude>
    <ClInclude Include="codec\huffman.h">
      <Filter>Header Files</Filter>
    </ClInclude>
    <ClInclude Include="codec\ic_predict.h">
      <Filter>Header Files</Filter>
    </ClInclude>
    <ClInclude Include="codec\iq_table.h">
      <Filter>Header Files</Filter>
    </ClInclude>
    <ClInclude Include="codec\is.h">
      <Filter>Header Files</Filter>
    </ClInclude>
    <ClInclude Include="codec\kbd_win.h">
      <Filter>Header Files</Filter>
    </ClInclude>
    <ClInclude Include="codec\libtta.h">
      <Filter>Header Files</Filter>
    </ClInclude>
    <ClInclude Include="codec\lt_predict.h">
      <Filter>Header Files</Filter>
    </ClInclude>
    <ClInclude Include="codec\mdct.h">
      <Filter>Header Files</Filter>
    </ClInclude>
    <ClInclude Include="codec\mdct_tab.h">
      <Filter>Header Files</Filter>
    </ClInclude>
    <ClInclude Include="codec\mp4.h">
      <Filter>Header Files</Filter>
    </ClInclude>
    <ClInclude Include="codec\ms.h">
      <Filter>Header Files</Filter>
    </ClInclude>
    <ClInclude Include="codec\output.h">
      <Filter>Header Files</Filter>
    </ClInclude>
    <ClInclude Include="codec\pns.h">
      <Filter>Header Files</Filter>
    </ClInclude>
    <ClInclude Include="codec\ps_dec.h">
      <Filter>Header Files</Filter>
    </ClInclude>
    <ClInclude Include="codec\ps_tables.h">
      <Filter>Header Files</Filter>
    </ClInclude>
    <ClInclude Include="codec\pulse.h">
      <Filter>Header Files</Filter>
    </ClInclude>
    <ClInclude Include="codec\rvlc.h">
      <Filter>Header Files</Filter>
    </ClInclude>
    <ClInclude Include="codec\sbr_dct.h">
      <Filter>Header Files</Filter>
    </ClInclude>
    <ClInclude Include="codec\sbr_dec.h">
      <Filter>Header Files</Filter>
    </ClInclude>
    <ClInclude Include="codec\sbr_e_nf.h">
      <Filter>Header Files</Filter>
    </ClInclude>
    <ClInclude Include="codec\sbr_fbt.h">
      <Filter>Header Files</Filter>
    </ClInclude>
    <ClInclude Include="codec\sbr_hfadj.h">
      <Filter>Header Files</Filter>
    </ClInclude>
    <ClInclude Include="codec\sbr_hfgen.h">
      <Filter>Header Files</Filter>
    </ClInclude>
    <ClInclude Include="codec\sbr_huff.h">
      <Filter>Header Files</Filter>
    </ClInclude>
    <ClInclude Include="codec\sbr_noise.h">
      <Filter>Header Files</Filter>
    </ClInclude>
    <ClInclude Include="codec\sbr_qmf.h">
      <Filter>Header Files</Filter>
    </ClInclude>
    <ClInclude Include="codec\sbr_qmf_c.h">
      <Filter>Header Files</Filter>
    </ClInclude>
    <ClInclude Include="codec\sbr_syntax.h">
      <Filter>Header Files</Filter>
    </ClInclude>
    <ClInclude Include="codec\sbr_tf_grid.h">
      <Filter>Header Files</Filter>
    </ClInclude>
    <ClInclude Include="codec\sine_win.h">
      <Filter>Header Files</Filter>
    </ClInclude>
    <ClInclude Include="codec\specrec.h">
      <Filter>Header Files</Filter>
    </ClInclude>
    <ClInclude Include="codec\ssr.h">
      <Filter>Header Files</Filter>
    </ClInclude>
    <ClInclude Include="codec\ssr_fb.h">
      <Filter>Header Files</Filter>
    </ClInclude>
    <ClInclude Include="codec\ssr_ipqf.h">
      <Filter>Header Files</Filter>
    </ClInclude>
    <ClInclude Include="codec\ssr_win.h">
      <Filter>Header Files</Filter>
    </ClInclude>
    <ClInclude Include="codec\structs.h">
      <Filter>Header Files</Filter>
    </ClInclude>
    <ClInclude Include="codec\syntax.h">
      <Filter>Header Files</Filter>
    </ClInclude>
    <ClInclude Include="codec\tns.h">
      <Filter>Header Files</Filter>
    </ClInclude>
    <ClInclude Include="codec\win32_ver.h">
      <Filter>Header Files</Filter>
    </ClInclude>
    <ClInclude Include="dsd\CID3v2.h">
      <Filter>Header Files</Filter>
    </ClInclude>
    <ClInclude Include="dsd\dsd.h">
      <Filter>Header Files</Filter>
    </ClInclude>
    <ClInclude Include="dsd\ID3v2.h">
      <Filter>Header Files</Filter>
    </ClInclude>
    <ClInclude Include="dsd\soxr.h">
      <Filter>Header Files</Filter>
    </ClInclude>
    <ClInclude Include="libmad\fixed.h">
      <Filter>ライブラリ</Filter>
    </ClInclude>
  </ItemGroup>
  <ItemGroup>
    <None Include="res\ico00001.ico">
      <Filter>Resource Files</Filter>
    </None>
    <None Include="res\ico00002.ico">
      <Filter>Resource Files</Filter>
    </None>
    <None Include="res\ico00003.ico">
      <Filter>Resource Files</Filter>
    </None>
    <None Include="res\ico00004.ico">
      <Filter>Resource Files</Filter>
    </None>
    <None Include="res\icon1.ico">
      <Filter>Resource Files</Filter>
    </None>
    <None Include="res\icon2.ico">
      <Filter>Resource Files</Filter>
    </None>
    <None Include="res\icon3.ico">
      <Filter>Resource Files</Filter>
    </None>
    <None Include="res\icon4.ico">
      <Filter>Resource Files</Filter>
    </None>
    <None Include="res\icon5.ico">
      <Filter>Resource Files</Filter>
    </None>
    <None Include="res\idr_down.ico">
      <Filter>Resource Files</Filter>
    </None>
    <None Include="res\idr_main.ico">
      <Filter>Resource Files</Filter>
    </None>
    <None Include="res\idr_sdow.ico">
      <Filter>Resource Files</Filter>
    </None>
    <None Include="res\idr_up1.ico">
      <Filter>Resource Files</Filter>
    </None>
    <None Include="res\ogg.ico">
      <Filter>Resource Files</Filter>
    </None>
    <None Include="res\ogg.rc2">
      <Filter>Resource Files</Filter>
    </None>
    <None Include="ReadMe.txt" />
  </ItemGroup>
  <ItemGroup>
    <Text Include="codec\APPLE_LICENSE.txt">
      <Filter>ライブラリ\codec</Filter>
    </Text>
  </ItemGroup>
</Project>